
Microsoft Visual Studio Solution File, Format Version 12.00
# Visual Studio 15
Project("{FAE04EC0-301F-11D3-BF4B-00C04F79EFBC}") = "HelpdeskCRUDAPI", "HelpdeskCRUDAPI.csproj", "{8633C2F0-DC38-4E52-8646-A8CE7CAB9397}"
EndProject
Global
	GlobalSection(SolutionConfigurationPlatforms) = preSolution
		Debug|Any CPU = Debug|Any CPU
		Release|Any CPU = Release|Any CPU
	EndGlobalSection
	GlobalSection(ProjectConfigurationPlatforms) = postSolution
		{8633C2F0-DC38-4E52-8646-A8CE7CAB9397}.Debug|Any CPU.ActiveCfg = Debug|Any CPU
		{8633C2F0-DC38-4E52-8646-A8CE7CAB9397}.Debug|Any CPU.Build.0 = Debug|Any CPU
		{8633C2F0-DC38-4E52-8646-A8CE7CAB9397}.Release|Any CPU.ActiveCfg = Release|Any CPU
		{8633C2F0-DC38-4E52-8646-A8CE7CAB9397}.Release|Any CPU.Build.0 = Release|Any CPU
	EndGlobalSection
EndGlobal
